{
  "name": "WebstersEnglishDictionary-master",
  "version": "1.0.0",
  "lockfileVersion": 1,
  "requires": true,
  "dependencies": {
    "an-array-of-english-words": {
      "version": "1.3.1",
      "resolved": "https://registry.npmjs.org/an-array-of-english-words/-/an-array-of-english-words-1.3.1.tgz",
      "integrity": "sha1-LdBEx5ONdO5pW5mS36rvaHE5n5c="
    },
    "bluebird": {
      "version": "3.5.2",
      "resolved": "https://registry.npmjs.org/bluebird/-/bluebird-3.5.2.tgz",
      "integrity": "sha512-dhHTWMI7kMx5whMQntl7Vr9C6BvV10lFXDAasnqnrMYhXVCzzk6IO9Fo2L75jXHT07WrOngL1WDXOp+yYS91Yg=="
    },
    "dale-chall": {
      "version": "1.0.2",
      "resolved": "https://registry.npmjs.org/dale-chall/-/dale-chall-1.0.2.tgz",
      "integrity": "sha512-GUM6TwPYaVdfFCVeWSfruhGU56Pk2ybJIaapyvXZ7+2r0NN4+tKbWNGRyRtD6lCfp8R1+FYBd9f2rdpAC5l7bQ=="
    },
    "lodash": {
      "version": "4.17.11",
      "resolved": "https://registry.npmjs.org/lodash/-/lodash-4.17.11.tgz",
      "integrity": "sha512-cQKh8igo5QUhZ7lg38DYWAxMvjSAKG0A8wGSVimP07SIUEK2UO+arSRKbRZWtelMtN5V0Hkwh5ryOto/SshYIg=="
    }
  }
}
